// !$*UTF8*$!
{
	archiveVersion = 1;
	classes = {
	};
	objectVersion = 50;
	objects = {

/* Begin PBXBuildFile section */
		1ECD4763237F10760015C72C /* AppDelegate.swift in Sources */ = {isa = PBXBuildFile; fileRef = 1ECD4762237F10760015C72C /* AppDelegate.swift */; };
		1ECD4765237F10760015C72C /* SceneDelegate.swift in Sources */ = {isa = PBXBuildFile; fileRef = 1ECD4764237F10760015C72C /* SceneDelegate.swift */; };
		1ECD4767237F10760015C72C /* SettingsViewController.swift in Sources */ = {isa = PBXBuildFile; fileRef = 1ECD4766237F10760015C72C /* SettingsViewController.swift */; };
		1ECD476A237F10760015C72C /* Main.storyboard in Resources */ = {isa = PBXBuildFile; fileRef = 1ECD4768237F10760015C72C /* Main.storyboard */; };
		1ECD476C237F10790015C72C /* Assets.xcassets in Resources */ = {isa = PBXBuildFile; fileRef = 1ECD476B237F10790015C72C /* Assets.xcassets */; };
		1ECD476F237F10790015C72C /* LaunchScreen.storyboard in Resources */ = {isa = PBXBuildFile; fileRef = 1ECD476D237F10790015C72C /* LaunchScreen.storyboard */; };
		1EF5B4AB2396DE52007DE330 /* MainViewController.swift in Sources */ = {isa = PBXBuildFile; fileRef = 1EF5B4AA2396DE52007DE330 /* MainViewController.swift */; };
/* End PBXBuildFile section */

/* Begin PBXFileReference section */
		1ECD475F237F10760015C72C /* MirnaiaNV_2.2.app */ = {isa = PBXFileReference; explicitFileType = wrapper.application; includeInIndex = 0; path = MirnaiaNV_2.2.app; sourceTree = BUILT_PRODUCTS_DIR; };
		1ECD4762237F10760015C72C /* AppDelegate.swift */ = {isa = PBXFileReference; lastKnownFileType = sourcecode.swift; path = AppDelegate.swift; sourceTree = "<group>"; };
		1ECD4764237F10760015C72C /* SceneDelegate.swift */ = {isa = PBXFileReference; lastKnownFileType = sourcecode.swift; path = SceneDelegate.swift; sourceTree = "<group>"; };
		1ECD4766237F10760015C72C /* SettingsViewController.swift */ = {isa = PBXFileReference; lastKnownFileType = sourcecode.swift; path = SettingsViewController.swift; sourceTree = "<group>"; };
		1ECD4769237F10760015C72C /* Base */ = {isa = PBXFileReference; lastKnownFileType = file.storyboard; name = Base; path = Base.lproj/Main.storyboard; sourceTree = "<group>"; };
		1ECD476B237F10790015C72C /* Assets.xcassets */ = {isa = PBXFileReference; lastKnownFileType = folder.assetcatalog; path = Assets.xcassets; sourceTree = "<group>"; };
		1ECD476E237F10790015C72C /* Base */ = {isa = PBXFileReference; lastKnownFileType = file.storyboard; name = Base; path = Base.lproj/LaunchScreen.storyboard; sourceTree = "<group>"; };
		1ECD4770237F10790015C72C /* Info.plist */ = {isa = PBXFileReference; lastKnownFileType = text.plist.xml; path = Info.plist; sourceTree = "<group>"; };
		1EF5B4AA2396DE52007DE330 /* MainViewController.swift */ = {isa = PBXFileReference; lastKnownFileType = sourcecode.swift; path = MainViewController.swift; sourceTree = "<group>"; };
/* End PBXFileReference section */

/* Begin PBXFrameworksBuildPhase section */
		1ECD475C237F10760015C72C /* Frameworks */ = {
			isa = PBXFrameworksBuildPhase;
			buildActionMask = 2147483647;
			files = (
			);
			runOnlyForDeploymentPostprocessing = 0;
		};
/* End PBXFrameworksBuildPhase section */

/* Begin PBXGroup section */
		1ECD4756237F10760015C72C = {
			isa = PBXGroup;
			children = (
				1ECD4761237F10760015C72C /* MirnaiaNV_2.2 */,
				1ECD4760237F10760015C72C /* Products */,
			);
			sourceTree = "<group>";
		};
		1ECD4760237F10760015C72C /* Products */ = {
			isa = PBXGroup;
			children = (
				1ECD475F237F10760015C72C /* MirnaiaNV_2.2.app */,
			);
			name = Products;
			sourceTree = "<group>";
		};
		1ECD4761237F10760015C72C /* MirnaiaNV_2.2 */ = {
			isa = PBXGroup;
			children = (
				1ECD4762237F10760015C72C /* AppDelegate.swift */,
				1ECD4764237F10760015C72C /* SceneDelegate.swift */,
				1EF5B4AA2396DE52007DE330 /* MainViewController.swift */,
				1ECD4766237F10760015C72C /* SettingsViewController.swift */,
				1ECD4768237F10760015C72C /* Main.storyboard */,
				1ECD476B237F10790015C72C /* Assets.xcassets */,
				1ECD476D237F10790015C72C /* LaunchScreen.storyboard */,
				1ECD4770237F10790015C72C /* Info.plist */,
			);
			path = MirnaiaNV_2.2;
			sourceTree = "<group>";
		};
/* End PBXGroup section */

/* Begin PBXNativeTarget section */
		1ECD475E237F10760015C72C /* MirnaiaNV_2.2 */ = {
			isa = PBXNativeTarget;
			buildConfigurationList = 1ECD4773237F10790015C72C /* Build configuration list for PBXNativeTarget "MirnaiaNV_2.2" */;
			buildPhases = (
				1ECD475B237F10760015C72C /* Sources */,
				1ECD475C237F10760015C72C /* Frameworks */,
				1ECD475D237F10760015C72C /* Resources */,
			);
			buildRules = (
			);
			dependencies = (
			);
			name = MirnaiaNV_2.2;
			productName = MirnaiaNV_2.2;
			productReference = 1ECD475F237F10760015C72C /* MirnaiaNV_2.2.app */;
			productType = "com.apple.product-type.application";
		};
/* End PBXNativeTarget section */

/* Begin PBXProject section */
		1ECD4757237F10760015C72C /* Project object */ = {
			isa = PBXProject;
			attributes = {
				LastSwiftUpdateCheck = 1100;
				LastUpgradeCheck = 1100;
				ORGANIZATIONNAME = "Наталья Мирная";
				TargetAttributes = {
					1ECD475E237F10760015C72C = {
						CreatedOnToolsVersion = 11.0;
					};
				};
			};
			buildConfigurationList = 1ECD475A237F10760015C72C /* Build configuration list for PBXProject "MirnaiaNV_2.2" */;
			compatibilityVersion = "Xcode 9.3";
			developmentRegion = en;
			hasScannedForEncodings = 0;
			knownRegions = (
				en,
				Base,
			);
			mainGroup = 1ECD4756237F10760015C72C;
			productRefGroup = 1ECD4760237F10760015C72C /* Products */;
			projectDirPath = "";
			projectRoot = "";
			targets = (
				1ECD475E237F10760015C72C /* MirnaiaNV_2.2 */,
			);
		};
/* End PBXProject section */

/* Begin PBXResourcesBuildPhase section */
		1ECD475D237F10760015C72C /* Resources */ = {
			isa = PBXResourcesBuildPhase;
			buildActionMask = 2147483647;
			files = (
				1ECD476F237F10790015C72C /* LaunchScreen.storyboard in Resources */,
				1ECD476C237F10790015C72C /* Assets.xcassets in Resources */,
				1ECD476A237F10760015C72C /* Main.storyboard in Resources */,
			);
			runOnlyForDeploymentPostprocessing = 0;
		};
/* End PBXResourcesBuildPhase section */

/* Begin PBXSourcesBuildPhase section */
		1ECD475B237F10760015C72C /* Sources */ = {
			isa = PBXSourcesBuildPhase;
			buildActionMask = 2147483647;
			files = (
				1ECD4767237F10760015C72C /* SettingsViewController.swift in Sources */,
				1ECD4763237F10760015C72C /* AppDelegate.swift in Sources */,
				1ECD4765237F10760015C72C /* SceneDelegate.swift in Sources */,
				1EF5B4AB2396DE52007DE330 /* MainViewController.swift in Sources */,
			);
			runOnlyForDeploymentPostprocessing = 0;
		};
/* End PBXSourcesBuildPhase section */

/* Begin PBXVariantGroup section */
		1ECD4768237F10760015C72C /* Main.storyboard */ = {
			isa = PBXVariantGroup;
			children = (
				1ECD4769237F10760015C72C /* Base */,
			);
			name = Main.storyboard;
			sourceTree = "<group>";
		};
		1ECD476D237F10790015C72C /* LaunchScreen.storyboard */ = {
			isa = PBXVariantGroup;
			children = (
				1ECD476E237F10790015C72C /* Base */,
			);
			name = LaunchScreen.storyboard;
			sourceTree = "<group>";
		};
/* End PBXVariantGroup section */

/* Begin XCBuildConfiguration section */
		1ECD4771237F10790015C72C /* Debug */ = {
			isa = XCBuildConfiguration;
			buildSettings = {
				ALWAYS_SEARCH_USER_PATHS = NO;
				CLANG_ANALYZER_NONNULL = YES;
				CLANG_ANALYZER_NUMBER_OBJECT_CONVERSION = YES_AGGRESSIVE;
				CLANG_CXX_LANGUAGE_STANDARD = "gnu++14";
				CLANG_CXX_LIBRARY = "libc++";
				CLANG_ENABLE_MODULES = YES;
				CLANG_ENABLE_OBJC_ARC = YES;
				CLANG_ENABLE_OBJC_WEAK = YES;
				CLANG_WARN_BLOCK_CAPTURE_AUTORELEASING = YES;
				CLANG_WARN_BOOL_CONVERSION = YES;
				CLANG_WARN_COMMA = YES;
				CLANG_WARN_CONSTANT_CONVERSION = YES;
				CLANG_WARN_DEPRECATED_OBJC_IMPLEMENTATIONS = YES;
				CLANG_WARN_DIRECT_OBJC_ISA_USAGE = YES_ERROR;
				CLANG_WARN_DOCUMENTATION_COMMENTS = YES;
				CLANG_WARN_EMPTY_BODY = YES;
				CLANG_WARN_ENUM_CONVERSION = YES;
				CLANG_WARN_INFINITE_RECURSION = YES;
				CLANG_WARN_INT_CONVERSION = YES;
				CLANG_WARN_NON_LITERAL_NULL_CONVERSION = YES;
				CLANG_WARN_OBJC_IMPLICIT_RETAIN_SELF = YES;
				CLANG_WARN_OBJC_LITERAL_CONVERSION = YES;
				CLANG_WARN_OBJC_ROOT_CLASS = YES_ERROR;
				CLANG_WARN_RANGE_LOOP_ANALYSIS = YES;
				CLANG_WARN_STRICT_PROTOTYPES = YES;
				CLANG_WARN_SUSPICIOUS_MOVE = YES;
				CLANG_WARN_UNGUARDED_AVAILABILITY = YES_AGGRESSIVE;
				CLANG_WARN_UNREACHABLE_CODE = YES;
				CLANG_WARN__DUPLICATE_METHOD_MATCH = YES;
				COPY_PHASE_STRIP = NO;
				DEBUG_INFORMATION_FORMAT = dwarf;
				ENABLE_STRICT_OBJC_MSGSEND = YES;
				ENABLE_TESTABILITY = YES;
				GCC_C_LANGUAGE_STANDARD = gnu11;
				GCC_DYNAMIC_NO_PIC = NO;
				GCC_NO_COMMON_BLOCKS = YES;
				GCC_OPTIMIZATION_LEVEL = 0;
				GCC_PREPROCESSOR_DEFINITIONS = (
					"DEBUG=1",
					"$(inherited)",
				);
				GCC_WARN_64_TO_32_BIT_CONVERSION = YES;
				GCC_WARN_ABOUT_RETURN_TYPE = YES_ERROR;
				GCC_WARN_UNDECLARED_SELECTOR = YES;
				GCC_WARN_UNINITIALIZED_AUTOS = YES_AGGRESSIVE;
				GCC_WARN_UNUSED_FUNCTION = YES;
				GCC_WARN_UNUSED_VARIABLE = YES;
				IPHONEOS_DEPLOYMENT_TARGET = 13.0;
				MTL_ENABLE_DEBUG_INFO = INCLUDE_SOURCE;
				MTL_FAST_MATH = YES;
				ONLY_ACTIVE_ARCH = YES;
				SDKROOT = iphoneos;
				SWIFT_ACTIVE_COMPILATION_CONDITIONS = DEBUG;
				SWIFT_OPTIMIZATION_LEVEL = "-Onone";
			};
			name = Debug;
		};
		1ECD4772237F10790015C72C /* Release */ = {
			isa = XCBuildConfiguration;
			buildSettings = {
				ALWAYS_SEARCH_USER_PATHS = NO;
				CLANG_ANALYZER_NONNULL = YES;
				CLANG_ANALYZER_NUMBER_OBJECT_CONVERSION = YES_AGGRESSIVE;
				CLANG_CXX_LANGUAGE_STANDARD = "gnu++14";
				CLANG_CXX_LIBRARY = "libc++";
				CLANG_ENABLE_MODULES = YES;
				CLANG_ENABLE_OBJC_ARC = YES;
				CLANG_ENABLE_OBJC_WEAK = YES;
				CLANG_WARN_BLOCK_CAPTURE_AUTORELEASING = YES;
				CLANG_WARN_BOOL_CONVERSION = YES;
				CLANG_WARN_COMMA = YES;
				CLANG_WARN_CONSTANT_CONVERSION = YES;
				CLANG_WARN_DEPRECATED_OBJC_IMPLEMENTATIONS = YES;
				CLANG_WARN_DIRECT_OBJC_ISA_USAGE = YES_ERROR;
				CLANG_WARN_DOCUMENTATION_COMMENTS = YES;
				CLANG_WARN_EMPTY_BODY = YES;
				CLANG_WARN_ENUM_CONVERSION = YES;
				CLANG_WARN_INFINITE_RECURSION = YES;
				CLANG_WARN_INT_CONVERSION = YES;
				CLANG_WARN_NON_LITERAL_NULL_CONVERSION = YES;
				CLANG_WARN_OBJC_IMPLICIT_RETAIN_SELF = YES;
				CLANG_WARN_OBJC_LITERAL_CONVERSION = YES;
				CLANG_WARN_OBJC_ROOT_CLASS = YES_ERROR;
				CLANG_WARN_RANGE_LOOP_ANALYSIS = YES;
				CLANG_WARN_STRICT_PROTOTYPES = YES;
				CLANG_WARN_SUSPICIOUS_MOVE = YES;
				CLANG_WARN_UNGUARDED_AVAILABILITY = YES_AGGRESSIVE;
				CLANG_WARN_UNREACHABLE_CODE = YES;
				CLANG_WARN__DUPLICATE_METHOD_MATCH = YES;
				COPY_PHASE_STRIP = NO;
				DEBUG_INFORMATION_FORMAT = "dwarf-with-dsym";
				ENABLE_NS_ASSERTIONS = NO;
				ENABLE_STRICT_OBJC_MSGSEND = YES;
				GCC_C_LANGUAGE_STANDARD = gnu11;
				GCC_NO_COMMON_BLOCKS = YES;
				GCC_WARN_64_TO_32_BIT_CONVERSION = YES;
				GCC_WARN_ABOUT_RETURN_TYPE = YES_ERROR;
				GCC_WARN_UNDECLARED_SELECTOR = YES;
				GCC_WARN_UNINITIALIZED_AUTOS = YES_AGGRESSIVE;
				GCC_WARN_UNUSED_FUNCTION = YES;
				GCC_WARN_UNUSED_VARIABLE = YES;
				IPHONEOS_DEPLOYMENT_TARGET = 13.0;
				MTL_ENABLE_DEBUG_INFO = NO;
				MTL_FAST_MATH = YES;
				SDKROOT = iphoneos;
				SWIFT_COMPILATION_MODE = wholemodule;
				SWIFT_OPTIMIZATION_LEVEL = "-O";
				VALIDATE_PRODUCT = YES;
			};
			name = Release;
		};
		1ECD4774237F10790015C72C /* Debug */ = {
			isa = XCBuildConfiguration;
			buildSettings = {
				ASSETCATALOG_COMPILER_APPICON_NAME = AppIcon;
				CODE_SIGN_STYLE = Automatic;
				DEVELOPMENT_TEAM = 9Q377U5Z8M;
				INFOPLIST_FILE = MirnaiaNV_2.2/Info.plist;
				LD_RUNPATH_SEARCH_PATHS = (
					"$(inherited)",
					"@executable_path/Frameworks",
				);
				PRODUCT_BUNDLE_IDENTIFIER = "yep.MirnaiaNV-2-2";
				PRODUCT_NAME = "$(TARGET_NAME)";
				SWIFT_VERSION = 5.0;
				TARGETED_DEVICE_FAMILY = "1,2";
			};
			name = Debug;
		};
		1ECD4775237F10790015C72C /* Release */ = {
			isa = XCBuildConfiguration;
			buildSettings = {
				ASSETCATALOG_COMPILER_APPICON_NAME = AppIcon;
				CODE_SIGN_STYLE = Automatic;
				DEVELOPMENT_TEAM = 9Q377U5Z8M;
				INFOPLIST_FILE = MirnaiaNV_2.2/Info.plist;
				LD_RUNPATH_SEARCH_PATHS = (
					"$(inherited)",
					"@executable_path/Frameworks",
				);
				PRODUCT_BUNDLE_IDENTIFIER = "yep.MirnaiaNV-2-2";
				PRODUCT_NAME = "$(TARGET_NAME)";
				SWIFT_VERSION = 5.0;
				TARGETED_DEVICE_FAMILY = "1,2";
			};
			name = Release;
		};
/* End XCBuildConfiguration section */

/* Begin XCConfigurationList section */
		1ECD475A237F10760015C72C /* Build configuration list for PBXProject "MirnaiaNV_2.2" */ = {
			isa = XCConfigurationList;
			buildConfigurations = (
				1ECD4771237F10790015C72C /* Debug */,
				1ECD4772237F10790015C72C /* Release */,
			);
			defaultConfigurationIsVisible = 0;
			defaultConfigurationName = Release;
		};
		1ECD4773237F10790015C72C /* Build configuration list for PBXNativeTarget "MirnaiaNV_2.2" */ = {
			isa = XCConfigurationList;
			buildConfigurations = (
				1ECD4774237F10790015C72C /* Debug */,
				1ECD4775237F10790015C72C /* Release */,
			);
			defaultConfigurationIsVisible = 0;
			defaultConfigurationName = Release;
		};
/* End XCConfigurationList section */
	};
	rootObject = 1ECD4757237F10760015C72C /* Project object */;
}
